
Microsoft Visual Studio Solution File, Format Version 12.00
# Visual Studio 15
VisualStudioVersion = 15.0.27130.2036
MinimumVisualStudioVersion = 10.0.40219.1
Project("{2150E333-8FDC-42A3-9474-1A3956D46DE8}") = "Configuration", "Configuration", "{47CF3C42-D81D-4E37-8F14-2E9BC3E00060}"
	ProjectSection(SolutionItems) = preProject
		TdsGlobal.config = TdsGlobal.config
	EndProjectSection
EndProject
Project("{2150E333-8FDC-42A3-9474-1A3956D46DE8}") = "Feature", "Feature", "{DEFD893B-1C06-4FDE-A5C7-74EE73B73E87}"
EndProject
Project("{2150E333-8FDC-42A3-9474-1A3956D46DE8}") = "Foundation", "Foundation", "{1E3AEBAB-93BD-4104-9A90-77F6259E4B5D}"
EndProject
Project("{2150E333-8FDC-42A3-9474-1A3956D46DE8}") = "Project", "Project", "{63B01F0C-9B03-429E-92F7-826CC5AEA4BA}"
EndProject
Project("{2150E333-8FDC-42A3-9474-1A3956D46DE8}") = "Common", "Common", "{DEB7AC00-92E1-49B6-B515-D0F15AE5BD6E}"
EndProject
Project("{2150E333-8FDC-42A3-9474-1A3956D46DE8}") = "GoHorse", "GoHorse", "{5CB41A14-0FF0-4329-BBF2-55EBDE7EA0F6}"
EndProject
Project("{2150E333-8FDC-42A3-9474-1A3956D46DE8}") = "Theming", "Theming", "{90D02F71-7A22-4041-9398-9EBED783FC3F}"
EndProject
Project("{2150E333-8FDC-42A3-9474-1A3956D46DE8}") = "Assets", "Assets", "{75A75458-BC04-4849-9D3A-BBFA9BBCA6FD}"
EndProject
Project("{2150E333-8FDC-42A3-9474-1A3956D46DE8}") = "SitecoreExtensions", "SitecoreExtensions", "{726B80E4-7C0F-4418-BFDF-F81D256A8E68}"
EndProject
Project("{FAE04EC0-301F-11D3-BF4B-00C04F79EFBC}") = "GoHorse.Foundation.SitecoreExtensions", "src\Foundation\SitecoreExtensions\code\GoHorse.Foundation.SitecoreExtensions.csproj", "{864DC86F-6858-4047-9013-D6FDC80046C1}"
EndProject
Project("{FAE04EC0-301F-11D3-BF4B-00C04F79EFBC}") = "GoHorse.Foundation.Theming", "src\Foundation\Theming\code\GoHorse.Foundation.Theming.csproj", "{0A1407FF-C5C5-4146-88B5-DD0EEFF9419A}"
EndProject
Project("{FAE04EC0-301F-11D3-BF4B-00C04F79EFBC}") = "GoHorse.Common.Website", "src\Project\Common\code\GoHorse.Common.Website.csproj", "{9A10A95B-766D-4A5F-AD24-959D0C4459EE}"
EndProject
Project("{2150E333-8FDC-42A3-9474-1A3956D46DE8}") = "Metadata", "Metadata", "{A9223268-FAE1-4780-889E-3815DCDB98F7}"
EndProject
Project("{2150E333-8FDC-42A3-9474-1A3956D46DE8}") = "DependencyInjection", "DependencyInjection", "{5CB6B5A0-9F53-4D02-845A-5BFC3CE95F99}"
EndProject
Project("{FAE04EC0-301F-11D3-BF4B-00C04F79EFBC}") = "GoHorse.Foundation.DependencyInjection", "src\Foundation\DependencyInjection\code\GoHorse.Foundation.DependencyInjection.csproj", "{F8BB7DFB-C363-448F-A250-6E78FC0D6E08}"
EndProject
Project("{CAA73BB0-EF22-4D79-A57E-DF67B3BA9C80}") = "GoHorse.Foundation.DependencyInjection.Master", "src\Foundation\DependencyInjection\tds\GoHorse.Foundation.DependencyInjection.Master\GoHorse.Foundation.DependencyInjection.Master.scproj", "{DCAB64B4-4820-4C46-A747-4E3B0AC3DAC2}"
EndProject
Project("{CAA73BB0-EF22-4D79-A57E-DF67B3BA9C80}") = "GoHorse.Feature.Metadata.Master", "src\Feature\Metadata\tds\GoHorse.Feature.Metadata.Master\GoHorse.Feature.Metadata.Master.scproj", "{5D917896-0DC6-49F1-9DF7-DF5308BD0DE6}"
EndProject
Project("{CAA73BB0-EF22-4D79-A57E-DF67B3BA9C80}") = "GoHorse.Foundation.Assets.Master", "src\Foundation\Assets\tds\GoHorse.Foundation.Assets.Master\GoHorse.Foundation.Assets.Master.scproj", "{ED54EEDC-68AC-4EFE-BF83-6CFB4ACB9DC8}"
EndProject
Project("{CAA73BB0-EF22-4D79-A57E-DF67B3BA9C80}") = "GoHorse.Foundation.SitecoreExtensions.Master", "src\Foundation\SitecoreExtensions\tds\GoHorse.Foundation.SitecoreExtensions.Master\GoHorse.Foundation.SitecoreExtensions.Master.scproj", "{3823C859-4E14-4111-9A61-3FDE9C5A2D5B}"
EndProject
Project("{CAA73BB0-EF22-4D79-A57E-DF67B3BA9C80}") = "GoHorse.Foundation.Theming.Master", "src\Foundation\Theming\tds\GoHorse.Foundation.Theming.Master\GoHorse.Foundation.Theming.Master.scproj", "{8DC4AF68-4B7C-47DA-BC0B-39464BAD311C}"
EndProject
Project("{FAE04EC0-301F-11D3-BF4B-00C04F79EFBC}") = "GoHorse.Feature.Metadata", "src\Feature\Metadata\code\GoHorse.Feature.Metadata.csproj", "{80F01CE0-68DB-421C-995E-D1C57368DC3F}"
EndProject
Project("{FAE04EC0-301F-11D3-BF4B-00C04F79EFBC}") = "GoHorse.Foundation.Assets", "src\Foundation\Assets\code\GoHorse.Foundation.Assets.csproj", "{C490C556-EE90-4584-AD64-57566B88CBFF}"
EndProject
Project("{2150E333-8FDC-42A3-9474-1A3956D46DE8}") = "Identity", "Identity", "{307ACC49-BC63-446B-9688-9C1D963E3832}"
EndProject
Project("{FAE04EC0-301F-11D3-BF4B-00C04F79EFBC}") = "GoHorse.Feature.Identity", "src\Feature\Identity\code\GoHorse.Feature.Identity.csproj", "{29C61E70-E5F3-4A29-8241-DC522CF37805}"
EndProject
Project("{CAA73BB0-EF22-4D79-A57E-DF67B3BA9C80}") = "GoHorse.Feature.Identity.Master", "src\Feature\Identity\tds\GoHorse.Feature.Identity.Master\GoHorse.Feature.Identity.Master.scproj", "{64247EE1-8DE6-4A5E-B67D-3738E8012EB3}"
EndProject
Project("{2150E333-8FDC-42A3-9474-1A3956D46DE8}") = "Teasers", "Teasers", "{E4872CAD-99BF-4A45-A65D-315144FA4912}"
EndProject
Project("{CAA73BB0-EF22-4D79-A57E-DF67B3BA9C80}") = "GoHorse.Feature.Teasers.Master", "src\Feature\Teasers\tds\GoHorse.Feature.Teasers.Master\GoHorse.Feature.Teasers.Master.scproj", "{181F72DA-2DD6-478C-BBA4-5DDECC83FA06}"
EndProject
Project("{FAE04EC0-301F-11D3-BF4B-00C04F79EFBC}") = "GoHorse.Feature.Teasers", "src\Feature\Teasers\code\GoHorse.Feature.Teasers.csproj", "{295D094B-FF5C-4880-B7E5-5926E1CEFF66}"
EndProject
Project("{2150E333-8FDC-42A3-9474-1A3956D46DE8}") = "Alerts", "Alerts", "{2BDB62B4-E10E-4F67-8B06-C3E048146920}"
EndProject
Project("{FAE04EC0-301F-11D3-BF4B-00C04F79EFBC}") = "GoHorse.Foundation.Alerts", "src\Foundation\Alerts\code\GoHorse.Foundation.Alerts.csproj", "{183C8D1E-4F1F-4D55-86ED-455CB76E20FA}"
EndProject
Project("{CAA73BB0-EF22-4D79-A57E-DF67B3BA9C80}") = "GoHorse.Foundation.Alerts.Master", "src\Foundation\Alerts\tds\GoHorse.Foundation.Alerts.Master\GoHorse.Foundation.Alerts.Master.scproj", "{92323D97-AD6D-4320-B0AB-EB721B3AC14A}"
EndProject
Project("{FAE04EC0-301F-11D3-BF4B-00C04F79EFBC}") = "GoHorse.SC9.Website", "src\Project\GoHorse\code\GoHorse.SC9.Website.csproj", "{D6476E07-FAD9-44F1-8A07-1A6D22715C3A}"
EndProject
Project("{CAA73BB0-EF22-4D79-A57E-DF67B3BA9C80}") = "GoHorse.Common.Website.Master", "src\Project\Common\tds\GoHorse.Common.Website.Master\GoHorse.Common.Website.Master.scproj", "{A1CA43B5-8DFB-4CEA-87EA-7B9AE4C8564C}"
EndProject
Project("{CAA73BB0-EF22-4D79-A57E-DF67B3BA9C80}") = "GoHorse.SC9.Website.Content", "src\Project\GoHorse\tds\GoHorse.SC9.Website.Content\GoHorse.SC9.Website.Content.scproj", "{CE8095C8-6A8F-40A3-9033-5A7941D83DFD}"
EndProject
Project("{CAA73BB0-EF22-4D79-A57E-DF67B3BA9C80}") = "GoHorse.SC9.Website.Master", "src\Project\GoHorse\tds\GoHorse.SC9.Website.Master\GoHorse.SC9.Website.Master.scproj", "{B2DE5E5C-9A11-4754-99BE-75FC89E83622}"
EndProject
Project("{CAA73BB0-EF22-4D79-A57E-DF67B3BA9C80}") = "GoHorse.SC9.Website.Media", "src\Project\GoHorse\tds\GoHorse.SC9.Website.Media\GoHorse.SC9.Website.Media.scproj", "{12005A25-BD0B-463B-9515-2853410EFC84}"
EndProject
Project("{2150E333-8FDC-42A3-9474-1A3956D46DE8}") = "Forms", "Forms", "{E0B5E8E2-9724-4CDE-B8E6-665F8160A245}"
EndProject
Project("{FAE04EC0-301F-11D3-BF4B-00C04F79EFBC}") = "GoHorse.Feature.Forms", "src\Feature\Forms\code\GoHorse.Feature.Forms.csproj", "{CF8F779E-CAEF-4DE4-9E5E-8E154C3491D1}"
EndProject
Project("{CAA73BB0-EF22-4D79-A57E-DF67B3BA9C80}") = "GoHorse.Feature.Forms.Master", "src\Feature\Forms\tds\GoHorse.Feature.Forms.Master\GoHorse.Feature.Forms.Master.scproj", "{E190645A-81E8-4CFB-BDBA-72398FBF8FD4}"
EndProject
Project("{CAA73BB0-EF22-4D79-A57E-DF67B3BA9C80}") = "GoHorse.Feature.Forms.Core", "src\Feature\Forms\tds\GoHorse.Feature.Forms.Core\GoHorse.Feature.Forms.Core.scproj", "{1EE5AC10-9E48-4048-A8D8-634E203D44D7}"
EndProject
Global
	GlobalSection(SolutionConfigurationPlatforms) = preSolution
		Debug|Any CPU = Debug|Any CPU
		Release|Any CPU = Release|Any CPU
	EndGlobalSection
	GlobalSection(ProjectConfigurationPlatforms) = postSolution
		{864DC86F-6858-4047-9013-D6FDC80046C1}.Debug|Any CPU.ActiveCfg = Debug|Any CPU
		{864DC86F-6858-4047-9013-D6FDC80046C1}.Debug|Any CPU.Build.0 = Debug|Any CPU
		{864DC86F-6858-4047-9013-D6FDC80046C1}.Release|Any CPU.ActiveCfg = Release|Any CPU
		{864DC86F-6858-4047-9013-D6FDC80046C1}.Release|Any CPU.Build.0 = Release|Any CPU
		{0A1407FF-C5C5-4146-88B5-DD0EEFF9419A}.Debug|Any CPU.ActiveCfg = Debug|Any CPU
		{0A1407FF-C5C5-4146-88B5-DD0EEFF9419A}.Debug|Any CPU.Build.0 = Debug|Any CPU
		{0A1407FF-C5C5-4146-88B5-DD0EEFF9419A}.Release|Any CPU.ActiveCfg = Release|Any CPU
		{0A1407FF-C5C5-4146-88B5-DD0EEFF9419A}.Release|Any CPU.Build.0 = Release|Any CPU
		{9A10A95B-766D-4A5F-AD24-959D0C4459EE}.Debug|Any CPU.ActiveCfg = Debug|Any CPU
		{9A10A95B-766D-4A5F-AD24-959D0C4459EE}.Debug|Any CPU.Build.0 = Debug|Any CPU
		{9A10A95B-766D-4A5F-AD24-959D0C4459EE}.Release|Any CPU.ActiveCfg = Release|Any CPU
		{9A10A95B-766D-4A5F-AD24-959D0C4459EE}.Release|Any CPU.Build.0 = Release|Any CPU
		{F8BB7DFB-C363-448F-A250-6E78FC0D6E08}.Debug|Any CPU.ActiveCfg = Debug|Any CPU
		{F8BB7DFB-C363-448F-A250-6E78FC0D6E08}.Debug|Any CPU.Build.0 = Debug|Any CPU
		{F8BB7DFB-C363-448F-A250-6E78FC0D6E08}.Release|Any CPU.ActiveCfg = Release|Any CPU
		{F8BB7DFB-C363-448F-A250-6E78FC0D6E08}.Release|Any CPU.Build.0 = Release|Any CPU
		{DCAB64B4-4820-4C46-A747-4E3B0AC3DAC2}.Debug|Any CPU.ActiveCfg = Debug|Any CPU
		{DCAB64B4-4820-4C46-A747-4E3B0AC3DAC2}.Debug|Any CPU.Build.0 = Debug|Any CPU
		{DCAB64B4-4820-4C46-A747-4E3B0AC3DAC2}.Debug|Any CPU.Deploy.0 = Debug|Any CPU
		{DCAB64B4-4820-4C46-A747-4E3B0AC3DAC2}.Release|Any CPU.ActiveCfg = Release|Any CPU
		{DCAB64B4-4820-4C46-A747-4E3B0AC3DAC2}.Release|Any CPU.Build.0 = Release|Any CPU
		{DCAB64B4-4820-4C46-A747-4E3B0AC3DAC2}.Release|Any CPU.Deploy.0 = Release|Any CPU
		{5D917896-0DC6-49F1-9DF7-DF5308BD0DE6}.Debug|Any CPU.ActiveCfg = Debug|Any CPU
		{5D917896-0DC6-49F1-9DF7-DF5308BD0DE6}.Debug|Any CPU.Build.0 = Debug|Any CPU
		{5D917896-0DC6-49F1-9DF7-DF5308BD0DE6}.Debug|Any CPU.Deploy.0 = Debug|Any CPU
		{5D917896-0DC6-49F1-9DF7-DF5308BD0DE6}.Release|Any CPU.ActiveCfg = Release|Any CPU
		{5D917896-0DC6-49F1-9DF7-DF5308BD0DE6}.Release|Any CPU.Build.0 = Release|Any CPU
		{5D917896-0DC6-49F1-9DF7-DF5308BD0DE6}.Release|Any CPU.Deploy.0 = Release|Any CPU
		{ED54EEDC-68AC-4EFE-BF83-6CFB4ACB9DC8}.Debug|Any CPU.ActiveCfg = Debug|Any CPU
		{ED54EEDC-68AC-4EFE-BF83-6CFB4ACB9DC8}.Debug|Any CPU.Build.0 = Debug|Any CPU
		{ED54EEDC-68AC-4EFE-BF83-6CFB4ACB9DC8}.Debug|Any CPU.Deploy.0 = Debug|Any CPU
		{ED54EEDC-68AC-4EFE-BF83-6CFB4ACB9DC8}.Release|Any CPU.ActiveCfg = Release|Any CPU
		{ED54EEDC-68AC-4EFE-BF83-6CFB4ACB9DC8}.Release|Any CPU.Build.0 = Release|Any CPU
		{ED54EEDC-68AC-4EFE-BF83-6CFB4ACB9DC8}.Release|Any CPU.Deploy.0 = Release|Any CPU
		{3823C859-4E14-4111-9A61-3FDE9C5A2D5B}.Debug|Any CPU.ActiveCfg = Debug|Any CPU
		{3823C859-4E14-4111-9A61-3FDE9C5A2D5B}.Debug|Any CPU.Build.0 = Debug|Any CPU
		{3823C859-4E14-4111-9A61-3FDE9C5A2D5B}.Debug|Any CPU.Deploy.0 = Debug|Any CPU
		{3823C859-4E14-4111-9A61-3FDE9C5A2D5B}.Release|Any CPU.ActiveCfg = Release|Any CPU
		{3823C859-4E14-4111-9A61-3FDE9C5A2D5B}.Release|Any CPU.Build.0 = Release|Any CPU
		{3823C859-4E14-4111-9A61-3FDE9C5A2D5B}.Release|Any CPU.Deploy.0 = Release|Any CPU
		{8DC4AF68-4B7C-47DA-BC0B-39464BAD311C}.Debug|Any CPU.ActiveCfg = Debug|Any CPU
		{8DC4AF68-4B7C-47DA-BC0B-39464BAD311C}.Debug|Any CPU.Build.0 = Debug|Any CPU
		{8DC4AF68-4B7C-47DA-BC0B-39464BAD311C}.Debug|Any CPU.Deploy.0 = Debug|Any CPU
		{8DC4AF68-4B7C-47DA-BC0B-39464BAD311C}.Release|Any CPU.ActiveCfg = Release|Any CPU
		{8DC4AF68-4B7C-47DA-BC0B-39464BAD311C}.Release|Any CPU.Build.0 = Release|Any CPU
		{8DC4AF68-4B7C-47DA-BC0B-39464BAD311C}.Release|Any CPU.Deploy.0 = Release|Any CPU
		{80F01CE0-68DB-421C-995E-D1C57368DC3F}.Debug|Any CPU.ActiveCfg = Debug|Any CPU
		{80F01CE0-68DB-421C-995E-D1C57368DC3F}.Debug|Any CPU.Build.0 = Debug|Any CPU
		{80F01CE0-68DB-421C-995E-D1C57368DC3F}.Release|Any CPU.ActiveCfg = Release|Any CPU
		{80F01CE0-68DB-421C-995E-D1C57368DC3F}.Release|Any CPU.Build.0 = Release|Any CPU
		{C490C556-EE90-4584-AD64-57566B88CBFF}.Debug|Any CPU.ActiveCfg = Debug|Any CPU
		{C490C556-EE90-4584-AD64-57566B88CBFF}.Debug|Any CPU.Build.0 = Debug|Any CPU
		{C490C556-EE90-4584-AD64-57566B88CBFF}.Release|Any CPU.ActiveCfg = Release|Any CPU
		{C490C556-EE90-4584-AD64-57566B88CBFF}.Release|Any CPU.Build.0 = Release|Any CPU
		{29C61E70-E5F3-4A29-8241-DC522CF37805}.Debug|Any CPU.ActiveCfg = Debug|Any CPU
		{29C61E70-E5F3-4A29-8241-DC522CF37805}.Debug|Any CPU.Build.0 = Debug|Any CPU
		{29C61E70-E5F3-4A29-8241-DC522CF37805}.Release|Any CPU.ActiveCfg = Release|Any CPU
		{29C61E70-E5F3-4A29-8241-DC522CF37805}.Release|Any CPU.Build.0 = Release|Any CPU
		{64247EE1-8DE6-4A5E-B67D-3738E8012EB3}.Debug|Any CPU.ActiveCfg = Debug|Any CPU
		{64247EE1-8DE6-4A5E-B67D-3738E8012EB3}.Debug|Any CPU.Build.0 = Debug|Any CPU
		{64247EE1-8DE6-4A5E-B67D-3738E8012EB3}.Debug|Any CPU.Deploy.0 = Debug|Any CPU
		{64247EE1-8DE6-4A5E-B67D-3738E8012EB3}.Release|Any CPU.ActiveCfg = Release|Any CPU
		{64247EE1-8DE6-4A5E-B67D-3738E8012EB3}.Release|Any CPU.Build.0 = Release|Any CPU
		{64247EE1-8DE6-4A5E-B67D-3738E8012EB3}.Release|Any CPU.Deploy.0 = Release|Any CPU
		{181F72DA-2DD6-478C-BBA4-5DDECC83FA06}.Debug|Any CPU.ActiveCfg = Debug|Any CPU
		{181F72DA-2DD6-478C-BBA4-5DDECC83FA06}.Debug|Any CPU.Build.0 = Debug|Any CPU
		{181F72DA-2DD6-478C-BBA4-5DDECC83FA06}.Debug|Any CPU.Deploy.0 = Debug|Any CPU
		{181F72DA-2DD6-478C-BBA4-5DDECC83FA06}.Release|Any CPU.ActiveCfg = Release|Any CPU
		{181F72DA-2DD6-478C-BBA4-5DDECC83FA06}.Release|Any CPU.Build.0 = Release|Any CPU
		{181F72DA-2DD6-478C-BBA4-5DDECC83FA06}.Release|Any CPU.Deploy.0 = Release|Any CPU
		{295D094B-FF5C-4880-B7E5-5926E1CEFF66}.Debug|Any CPU.ActiveCfg = Debug|Any CPU
		{295D094B-FF5C-4880-B7E5-5926E1CEFF66}.Debug|Any CPU.Build.0 = Debug|Any CPU
		{295D094B-FF5C-4880-B7E5-5926E1CEFF66}.Release|Any CPU.ActiveCfg = Release|Any CPU
		{295D094B-FF5C-4880-B7E5-5926E1CEFF66}.Release|Any CPU.Build.0 = Release|Any CPU
		{183C8D1E-4F1F-4D55-86ED-455CB76E20FA}.Debug|Any CPU.ActiveCfg = Debug|Any CPU
		{183C8D1E-4F1F-4D55-86ED-455CB76E20FA}.Debug|Any CPU.Build.0 = Debug|Any CPU
		{183C8D1E-4F1F-4D55-86ED-455CB76E20FA}.Release|Any CPU.ActiveCfg = Release|Any CPU
		{183C8D1E-4F1F-4D55-86ED-455CB76E20FA}.Release|Any CPU.Build.0 = Release|Any CPU
		{92323D97-AD6D-4320-B0AB-EB721B3AC14A}.Debug|Any CPU.ActiveCfg = Debug|Any CPU
		{92323D97-AD6D-4320-B0AB-EB721B3AC14A}.Debug|Any CPU.Build.0 = Debug|Any CPU
		{92323D97-AD6D-4320-B0AB-EB721B3AC14A}.Debug|Any CPU.Deploy.0 = Debug|Any CPU
		{92323D97-AD6D-4320-B0AB-EB721B3AC14A}.Release|Any CPU.ActiveCfg = Release|Any CPU
		{92323D97-AD6D-4320-B0AB-EB721B3AC14A}.Release|Any CPU.Build.0 = Release|Any CPU
		{92323D97-AD6D-4320-B0AB-EB721B3AC14A}.Release|Any CPU.Deploy.0 = Release|Any CPU
		{D6476E07-FAD9-44F1-8A07-1A6D22715C3A}.Debug|Any CPU.ActiveCfg = Debug|Any CPU
		{D6476E07-FAD9-44F1-8A07-1A6D22715C3A}.Debug|Any CPU.Build.0 = Debug|Any CPU
		{D6476E07-FAD9-44F1-8A07-1A6D22715C3A}.Release|Any CPU.ActiveCfg = Release|Any CPU
		{D6476E07-FAD9-44F1-8A07-1A6D22715C3A}.Release|Any CPU.Build.0 = Release|Any CPU
		{A1CA43B5-8DFB-4CEA-87EA-7B9AE4C8564C}.Debug|Any CPU.ActiveCfg = Debug|Any CPU
		{A1CA43B5-8DFB-4CEA-87EA-7B9AE4C8564C}.Debug|Any CPU.Build.0 = Debug|Any CPU
		{A1CA43B5-8DFB-4CEA-87EA-7B9AE4C8564C}.Debug|Any CPU.Deploy.0 = Debug|Any CPU
		{A1CA43B5-8DFB-4CEA-87EA-7B9AE4C8564C}.Release|Any CPU.ActiveCfg = Release|Any CPU
		{A1CA43B5-8DFB-4CEA-87EA-7B9AE4C8564C}.Release|Any CPU.Build.0 = Release|Any CPU
		{A1CA43B5-8DFB-4CEA-87EA-7B9AE4C8564C}.Release|Any CPU.Deploy.0 = Release|Any CPU
		{CE8095C8-6A8F-40A3-9033-5A7941D83DFD}.Debug|Any CPU.ActiveCfg = Debug|Any CPU
		{CE8095C8-6A8F-40A3-9033-5A7941D83DFD}.Debug|Any CPU.Build.0 = Debug|Any CPU
		{CE8095C8-6A8F-40A3-9033-5A7941D83DFD}.Debug|Any CPU.Deploy.0 = Debug|Any CPU
		{CE8095C8-6A8F-40A3-9033-5A7941D83DFD}.Release|Any CPU.ActiveCfg = Release|Any CPU
		{CE8095C8-6A8F-40A3-9033-5A7941D83DFD}.Release|Any CPU.Build.0 = Release|Any CPU
		{CE8095C8-6A8F-40A3-9033-5A7941D83DFD}.Release|Any CPU.Deploy.0 = Release|Any CPU
		{B2DE5E5C-9A11-4754-99BE-75FC89E83622}.Debug|Any CPU.ActiveCfg = Debug|Any CPU
		{B2DE5E5C-9A11-4754-99BE-75FC89E83622}.Debug|Any CPU.Build.0 = Debug|Any CPU
		{B2DE5E5C-9A11-4754-99BE-75FC89E83622}.Debug|Any CPU.Deploy.0 = Debug|Any CPU
		{B2DE5E5C-9A11-4754-99BE-75FC89E83622}.Release|Any CPU.ActiveCfg = Release|Any CPU
		{B2DE5E5C-9A11-4754-99BE-75FC89E83622}.Release|Any CPU.Build.0 = Release|Any CPU
		{B2DE5E5C-9A11-4754-99BE-75FC89E83622}.Release|Any CPU.Deploy.0 = Release|Any CPU
		{12005A25-BD0B-463B-9515-2853410EFC84}.Debug|Any CPU.ActiveCfg = Debug|Any CPU
		{12005A25-BD0B-463B-9515-2853410EFC84}.Debug|Any CPU.Build.0 = Debug|Any CPU
		{12005A25-BD0B-463B-9515-2853410EFC84}.Debug|Any CPU.Deploy.0 = Debug|Any CPU
		{12005A25-BD0B-463B-9515-2853410EFC84}.Release|Any CPU.ActiveCfg = Release|Any CPU
		{12005A25-BD0B-463B-9515-2853410EFC84}.Release|Any CPU.Build.0 = Release|Any CPU
		{12005A25-BD0B-463B-9515-2853410EFC84}.Release|Any CPU.Deploy.0 = Release|Any CPU
		{CF8F779E-CAEF-4DE4-9E5E-8E154C3491D1}.Debug|Any CPU.ActiveCfg = Debug|Any CPU
		{CF8F779E-CAEF-4DE4-9E5E-8E154C3491D1}.Debug|Any CPU.Build.0 = Debug|Any CPU
		{CF8F779E-CAEF-4DE4-9E5E-8E154C3491D1}.Release|Any CPU.ActiveCfg = Release|Any CPU
		{CF8F779E-CAEF-4DE4-9E5E-8E154C3491D1}.Release|Any CPU.Build.0 = Release|Any CPU
		{E190645A-81E8-4CFB-BDBA-72398FBF8FD4}.Debug|Any CPU.ActiveCfg = Debug|Any CPU
		{E190645A-81E8-4CFB-BDBA-72398FBF8FD4}.Debug|Any CPU.Build.0 = Debug|Any CPU
		{E190645A-81E8-4CFB-BDBA-72398FBF8FD4}.Debug|Any CPU.Deploy.0 = Debug|Any CPU
		{E190645A-81E8-4CFB-BDBA-72398FBF8FD4}.Release|Any CPU.ActiveCfg = Release|Any CPU
		{E190645A-81E8-4CFB-BDBA-72398FBF8FD4}.Release|Any CPU.Build.0 = Release|Any CPU
		{E190645A-81E8-4CFB-BDBA-72398FBF8FD4}.Release|Any CPU.Deploy.0 = Release|Any CPU
		{1EE5AC10-9E48-4048-A8D8-634E203D44D7}.Debug|Any CPU.ActiveCfg = Debug|Any CPU
		{1EE5AC10-9E48-4048-A8D8-634E203D44D7}.Debug|Any CPU.Build.0 = Debug|Any CPU
		{1EE5AC10-9E48-4048-A8D8-634E203D44D7}.Debug|Any CPU.Deploy.0 = Debug|Any CPU
		{1EE5AC10-9E48-4048-A8D8-634E203D44D7}.Release|Any CPU.ActiveCfg = Release|Any CPU
		{1EE5AC10-9E48-4048-A8D8-634E203D44D7}.Release|Any CPU.Build.0 = Release|Any CPU
		{1EE5AC10-9E48-4048-A8D8-634E203D44D7}.Release|Any CPU.Deploy.0 = Release|Any CPU
	EndGlobalSection
	GlobalSection(SolutionProperties) = preSolution
		HideSolutionNode = FALSE
	EndGlobalSection
	GlobalSection(NestedProjects) = preSolution
		{DEB7AC00-92E1-49B6-B515-D0F15AE5BD6E} = {63B01F0C-9B03-429E-92F7-826CC5AEA4BA}
		{5CB41A14-0FF0-4329-BBF2-55EBDE7EA0F6} = {63B01F0C-9B03-429E-92F7-826CC5AEA4BA}
		{90D02F71-7A22-4041-9398-9EBED783FC3F} = {1E3AEBAB-93BD-4104-9A90-77F6259E4B5D}
		{75A75458-BC04-4849-9D3A-BBFA9BBCA6FD} = {1E3AEBAB-93BD-4104-9A90-77F6259E4B5D}
		{726B80E4-7C0F-4418-BFDF-F81D256A8E68} = {1E3AEBAB-93BD-4104-9A90-77F6259E4B5D}
		{864DC86F-6858-4047-9013-D6FDC80046C1} = {726B80E4-7C0F-4418-BFDF-F81D256A8E68}
		{0A1407FF-C5C5-4146-88B5-DD0EEFF9419A} = {90D02F71-7A22-4041-9398-9EBED783FC3F}
		{9A10A95B-766D-4A5F-AD24-959D0C4459EE} = {DEB7AC00-92E1-49B6-B515-D0F15AE5BD6E}
		{A9223268-FAE1-4780-889E-3815DCDB98F7} = {DEFD893B-1C06-4FDE-A5C7-74EE73B73E87}
		{5CB6B5A0-9F53-4D02-845A-5BFC3CE95F99} = {1E3AEBAB-93BD-4104-9A90-77F6259E4B5D}
		{F8BB7DFB-C363-448F-A250-6E78FC0D6E08} = {5CB6B5A0-9F53-4D02-845A-5BFC3CE95F99}
		{DCAB64B4-4820-4C46-A747-4E3B0AC3DAC2} = {5CB6B5A0-9F53-4D02-845A-5BFC3CE95F99}
		{5D917896-0DC6-49F1-9DF7-DF5308BD0DE6} = {A9223268-FAE1-4780-889E-3815DCDB98F7}
		{ED54EEDC-68AC-4EFE-BF83-6CFB4ACB9DC8} = {75A75458-BC04-4849-9D3A-BBFA9BBCA6FD}
		{3823C859-4E14-4111-9A61-3FDE9C5A2D5B} = {726B80E4-7C0F-4418-BFDF-F81D256A8E68}
		{8DC4AF68-4B7C-47DA-BC0B-39464BAD311C} = {90D02F71-7A22-4041-9398-9EBED783FC3F}
		{80F01CE0-68DB-421C-995E-D1C57368DC3F} = {A9223268-FAE1-4780-889E-3815DCDB98F7}
		{C490C556-EE90-4584-AD64-57566B88CBFF} = {75A75458-BC04-4849-9D3A-BBFA9BBCA6FD}
		{307ACC49-BC63-446B-9688-9C1D963E3832} = {DEFD893B-1C06-4FDE-A5C7-74EE73B73E87}
		{29C61E70-E5F3-4A29-8241-DC522CF37805} = {307ACC49-BC63-446B-9688-9C1D963E3832}
		{64247EE1-8DE6-4A5E-B67D-3738E8012EB3} = {307ACC49-BC63-446B-9688-9C1D963E3832}
		{E4872CAD-99BF-4A45-A65D-315144FA4912} = {DEFD893B-1C06-4FDE-A5C7-74EE73B73E87}
		{181F72DA-2DD6-478C-BBA4-5DDECC83FA06} = {E4872CAD-99BF-4A45-A65D-315144FA4912}
		{295D094B-FF5C-4880-B7E5-5926E1CEFF66} = {E4872CAD-99BF-4A45-A65D-315144FA4912}
		{2BDB62B4-E10E-4F67-8B06-C3E048146920} = {1E3AEBAB-93BD-4104-9A90-77F6259E4B5D}
		{183C8D1E-4F1F-4D55-86ED-455CB76E20FA} = {2BDB62B4-E10E-4F67-8B06-C3E048146920}
		{92323D97-AD6D-4320-B0AB-EB721B3AC14A} = {2BDB62B4-E10E-4F67-8B06-C3E048146920}
		{D6476E07-FAD9-44F1-8A07-1A6D22715C3A} = {5CB41A14-0FF0-4329-BBF2-55EBDE7EA0F6}
		{A1CA43B5-8DFB-4CEA-87EA-7B9AE4C8564C} = {DEB7AC00-92E1-49B6-B515-D0F15AE5BD6E}
		{CE8095C8-6A8F-40A3-9033-5A7941D83DFD} = {5CB41A14-0FF0-4329-BBF2-55EBDE7EA0F6}
		{B2DE5E5C-9A11-4754-99BE-75FC89E83622} = {5CB41A14-0FF0-4329-BBF2-55EBDE7EA0F6}
		{12005A25-BD0B-463B-9515-2853410EFC84} = {5CB41A14-0FF0-4329-BBF2-55EBDE7EA0F6}
		{E0B5E8E2-9724-4CDE-B8E6-665F8160A245} = {DEFD893B-1C06-4FDE-A5C7-74EE73B73E87}
		{CF8F779E-CAEF-4DE4-9E5E-8E154C3491D1} = {E0B5E8E2-9724-4CDE-B8E6-665F8160A245}
		{E190645A-81E8-4CFB-BDBA-72398FBF8FD4} = {E0B5E8E2-9724-4CDE-B8E6-665F8160A245}
		{1EE5AC10-9E48-4048-A8D8-634E203D44D7} = {E0B5E8E2-9724-4CDE-B8E6-665F8160A245}
	EndGlobalSection
	GlobalSection(ExtensibilityGlobals) = postSolution
		SolutionGuid = {967FF39D-3419-4442-A8D2-22B067EA0B49}
	EndGlobalSection
EndGlobal
